
Microsoft Visual Studio Solution File, Format Version 12.00
# Visual Studio Version 17
VisualStudioVersion = 17.14.37314.3 d17.14
MinimumVisualStudioVersion = 10.0.40219.1
Project("{FAE04EC0-301F-11D3-BF4B-00C04F79EFBC}") = "employee-management-system", "employee-management-system\employee-management-system.csproj", "{DD6B5217-4104-4B5F-8C98-522F108DE841}"
EndProject
Global
	GlobalSection(SolutionConfigurationPlatforms) = preSolution
		Debug|Any CPU = Debug|Any CPU
		Release|Any CPU = Release|Any CPU
	EndGlobalSection
	GlobalSection(ProjectConfigurationPlatforms) = postSolution
		{DD6B5217-4104-4B5F-8C98-522F108DE841}.Debug|Any CPU.ActiveCfg = Debug|Any CPU
		{DD6B5217-4104-4B5F-8C98-522F108DE841}.Debug|Any CPU.Build.0 = Debug|Any CPU
		{DD6B5217-4104-4B5F-8C98-522F108DE841}.Release|Any CPU.ActiveCfg = Release|Any CPU
		{DD6B5217-4104-4B5F-8C98-522F108DE841}.Release|Any CPU.Build.0 = Release|Any CPU
	EndGlobalSection
	GlobalSection(SolutionProperties) = preSolution
		HideSolutionNode = FALSE
	EndGlobalSection
	GlobalSection(ExtensibilityGlobals) = postSolution
		SolutionGuid = {568F1710-1FE5-41AA-9699-4F61165E2055}
	EndGlobalSection
EndGlobal
